
Microsoft Visual Studio Solution File, Format Version 12.00
# Visual Studio Version 16
VisualStudioVersion = 16.0.29905.134
MinimumVisualStudioVersion = 10.0.40219.1
Project("{FAE04EC0-301F-11D3-BF4B-00C04F79EFBC}") = "APBD02", "APBD02.csproj", "{51489431-1EE8-4C10-812F-8559DDE82993}"
EndProject
Global
	GlobalSection(SolutionConfigurationPlatforms) = preSolution
		Debug|Any CPU = Debug|Any CPU
		Release|Any CPU = Release|Any CPU
	EndGlobalSection
	GlobalSection(ProjectConfigurationPlatforms) = postSolution
		{51489431-1EE8-4C10-812F-8559DDE82993}.Debug|Any CPU.ActiveCfg = Debug|Any CPU
		{51489431-1EE8-4C10-812F-8559DDE82993}.Debug|Any CPU.Build.0 = Debug|Any CPU
		{51489431-1EE8-4C10-812F-8559DDE82993}.Release|Any CPU.ActiveCfg = Release|Any CPU
		{51489431-1EE8-4C10-812F-8559DDE82993}.Release|Any CPU.Build.0 = Release|Any CPU
	EndGlobalSection
	GlobalSection(SolutionProperties) = preSolution
		HideSolutionNode = FALSE
	EndGlobalSection
	GlobalSection(ExtensibilityGlobals) = postSolution
		SolutionGuid = {CA568B5F-39F2-4D4A-B56F-AD7FA17F9B62}
	EndGlobalSection
EndGlobal
